// !$*UTF8*$!
{
	archiveVersion = 1;
	classes = {
	};
	objectVersion = 46;
	objects = {

/* Begin PBXBuildFile section */
		23571CC41B08FB6A00442D80 /* DamController.m in Sources */ = {isa = PBXBuildFile; fileRef = 23571CC31B08FB6A00442D80 /* DamController.m */; };
		6ED5A2C653BFF22D359C7B7D /* libPods.a in Frameworks */ = {isa = PBXBuildFile; fileRef = AF527D3ADD7B543AAA891B1F /* libPods.a */; };
		F131C1491ABF981A0091F292 /* main.m in Sources */ = {isa = PBXBuildFile; fileRef = F131C1481ABF981A0091F292 /* main.m */; };
		F131C14C1ABF981A0091F292 /* AppDelegate.m in Sources */ = {isa = PBXBuildFile; fileRef = F131C14B1ABF981A0091F292 /* AppDelegate.m */; };
		F131C14F1ABF981A0091F292 /* ViewController.m in Sources */ = {isa = PBXBuildFile; fileRef = F131C14E1ABF981A0091F292 /* ViewController.m */; };
		F131C1541ABF981A0091F292 /* Images.xcassets in Resources */ = {isa = PBXBuildFile; fileRef = F131C1531ABF981A0091F292 /* Images.xcassets */; };
		F131C1631ABF981A0091F292 /* ThirstyTaiwanTests.m in Sources */ = {isa = PBXBuildFile; fileRef = F131C1621ABF981A0091F292 /* ThirstyTaiwanTests.m */; };
		F14A1CB81AC0FF2800E5EC08 /* HWTableViewController.m in Sources */ = {isa = PBXBuildFile; fileRef = F14A1CB71AC0FF2800E5EC08 /* HWTableViewController.m */; };
/* End PBXBuildFile section */

/* Begin PBXContainerItemProxy section */
		F131C15D1ABF981A0091F292 /* PBXContainerItemProxy */ = {
			isa = PBXContainerItemProxy;
			containerPortal = F131C13B1ABF981A0091F292 /* Project object */;
			proxyType = 1;
			remoteGlobalIDString = F131C1421ABF981A0091F292;
			remoteInfo = ThirstyTaiwan;
		};
/* End PBXContainerItemProxy section */

/* Begin PBXFileReference section */
		23571CC31B08FB6A00442D80 /* DamController.m */ = {isa = PBXFileReference; fileEncoding = 4; lastKnownFileType = sourcecode.c.objc; path = DamController.m; sourceTree = "<group>"; };
		96C98B82B02AA1019A26C366 /* Pods.debug.xcconfig */ = {isa = PBXFileReference; includeInIndex = 1; lastKnownFileType = text.xcconfig; name = Pods.debug.xcconfig; path = "Pods/Target Support Files/Pods/Pods.debug.xcconfig"; sourceTree = "<group>"; };
		A0DC1CAAB6E026245BB1C67C /* Pods.release.xcconfig */ = {isa = PBXFileReference; includeInIndex = 1; lastKnownFileType = text.xcconfig; name = Pods.release.xcconfig; path = "Pods/Target Support Files/Pods/Pods.release.xcconfig"; sourceTree = "<group>"; };
		AF527D3ADD7B543AAA891B1F /* libPods.a */ = {isa = PBXFileReference; explicitFileType = archive.ar; includeInIndex = 0; path = libPods.a; sourceTree = BUILT_PRODUCTS_DIR; };
		F131C1431ABF981A0091F292 /* ThirstyTaiwan.app */ = {isa = PBXFileReference; explicitFileType = wrapper.application; includeInIndex = 0; path = ThirstyTaiwan.app; sourceTree = BUILT_PRODUCTS_DIR; };
		F131C1471ABF981A0091F292 /* Info.plist */ = {isa = PBXFileReference; lastKnownFileType = text.plist.xml; path = Info.plist; sourceTree = "<group>"; };
		F131C1481ABF981A0091F292 /* main.m */ = {isa = PBXFileReference; lastKnownFileType = sourcecode.c.objc; path = main.m; sourceTree = "<group>"; };
		F131C14A1ABF981A0091F292 /* AppDelegate.h */ = {isa = PBXFileReference; lastKnownFileType = sourcecode.c.h; path = AppDelegate.h; sourceTree = "<group>"; };
		F131C14B1ABF981A0091F292 /* AppDelegate.m */ = {isa = PBXFileReference; lastKnownFileType = sourcecode.c.objc; path = AppDelegate.m; sourceTree = "<group>"; };
		F131C14D1ABF981A0091F292 /* ViewController.h */ = {isa = PBXFileReference; lastKnownFileType = sourcecode.c.h; path = ViewController.h; sourceTree = "<group>"; };
		F131C14E1ABF981A0091F292 /* ViewController.m */ = {isa = PBXFileReference; lastKnownFileType = sourcecode.c.objc; path = ViewController.m; sourceTree = "<group>"; };
		F131C1531ABF981A0091F292 /* Images.xcassets */ = {isa = PBXFileReference; lastKnownFileType = folder.assetcatalog; path = Images.xcassets; sourceTree = "<group>"; };
		F131C15C1ABF981A0091F292 /* ThirstyTaiwanTests.xctest */ = {isa = PBXFileReference; explicitFileType = wrapper.cfbundle; includeInIndex = 0; path = ThirstyTaiwanTests.xctest; sourceTree = BUILT_PRODUCTS_DIR; };
		F131C1611ABF981A0091F292 /* Info.plist */ = {isa = PBXFileReference; lastKnownFileType = text.plist.xml; path = Info.plist; sourceTree = "<group>"; };
		F131C1621ABF981A0091F292 /* ThirstyTaiwanTests.m */ = {isa = PBXFileReference; lastKnownFileType = sourcecode.c.objc; path = ThirstyTaiwanTests.m; sourceTree = "<group>"; };
		F14A1CB61AC0FF2800E5EC08 /* HWTableViewController.h */ = {isa = PBXFileReference; fileEncoding = 4; lastKnownFileType = sourcecode.c.h; path = HWTableViewController.h; sourceTree = "<group>"; };
		F14A1CB71AC0FF2800E5EC08 /* HWTableViewController.m */ = {isa = PBXFileReference; fileEncoding = 4; lastKnownFileType = sourcecode.c.objc; path = HWTableViewController.m; sourceTree = "<group>"; };
/* End PBXFileReference section */

/* Begin PBXFrameworksBuildPhase section */
		F131C1401ABF981A0091F292 /* Frameworks */ = {
			isa = PBXFrameworksBuildPhase;
			buildActionMask = 2147483647;
			files = (
				6ED5A2C653BFF22D359C7B7D /* libPods.a in Frameworks */,
			);
			runOnlyForDeploymentPostprocessing = 0;
		};
		F131C1591ABF981A0091F292 /* Frameworks */ = {
			isa = PBXFrameworksBuildPhase;
			buildActionMask = 2147483647;
			files = (
			);
			runOnlyForDeploymentPostprocessing = 0;
		};
/* End PBXFrameworksBuildPhase section */

/* Begin PBXGroup section */
		23571CC21B08FB0C00442D80 /* FetchFromRemote */ = {
			isa = PBXGroup;
			children = (
				23571CC31B08FB6A00442D80 /* DamController.m */,
			);
			name = FetchFromRemote;
			sourceTree = "<group>";
		};
		DBCFB9F13CEA72C244B6965A /* Frameworks */ = {
			isa = PBXGroup;
			children = (
				AF527D3ADD7B543AAA891B1F /* libPods.a */,
			);
			name = Frameworks;
			sourceTree = "<group>";
		};
		F131C13A1ABF981A0091F292 = {
			isa = PBXGroup;
			children = (
				F131C1451ABF981A0091F292 /* ThirstyTaiwan */,
				F131C15F1ABF981A0091F292 /* ThirstyTaiwanTests */,
				F131C1441ABF981A0091F292 /* Products */,
				FFBB2CF0DC16518A5D19E5F5 /* Pods */,
				DBCFB9F13CEA72C244B6965A /* Frameworks */,
			);
			sourceTree = "<group>";
		};
		F131C1441ABF981A0091F292 /* Products */ = {
			isa = PBXGroup;
			children = (
				F131C1431ABF981A0091F292 /* ThirstyTaiwan.app */,
				F131C15C1ABF981A0091F292 /* ThirstyTaiwanTests.xctest */,
			);
			name = Products;
			sourceTree = "<group>";
		};
		F131C1451ABF981A0091F292 /* ThirstyTaiwan */ = {
			isa = PBXGroup;
			children = (
				23571CC21B08FB0C00442D80 /* FetchFromRemote */,
				F14A1CB51AC0FEE100E5EC08 /* TableView */,
				F131C14A1ABF981A0091F292 /* AppDelegate.h */,
				F131C14B1ABF981A0091F292 /* AppDelegate.m */,
				F131C14D1ABF981A0091F292 /* ViewController.h */,
				F131C14E1ABF981A0091F292 /* ViewController.m */,
				F131C1531ABF981A0091F292 /* Images.xcassets */,
				F131C1461ABF981A0091F292 /* Supporting Files */,
			);
			path = ThirstyTaiwan;
			sourceTree = "<group>";
		};
		F131C1461ABF981A0091F292 /* Supporting Files */ = {
			isa = PBXGroup;
			children = (
				F131C1471ABF981A0091F292 /* Info.plist */,
				F131C1481ABF981A0091F292 /* main.m */,
			);
			name = "Supporting Files";
			sourceTree = "<group>";
		};
		F131C15F1ABF981A0091F292 /* ThirstyTaiwanTests */ = {
			isa = PBXGroup;
			children = (
				F131C1621ABF981A0091F292 /* ThirstyTaiwanTests.m */,
				F131C1601ABF981A0091F292 /* Supporting Files */,
			);
			path = ThirstyTaiwanTests;
			sourceTree = "<group>";
		};
		F131C1601ABF981A0091F292 /* Supporting Files */ = {
			isa = PBXGroup;
			children = (
				F131C1611ABF981A0091F292 /* Info.plist */,
			);
			name = "Supporting Files";
			sourceTree = "<group>";
		};
		F14A1CB51AC0FEE100E5EC08 /* TableView */ = {
			isa = PBXGroup;
			children = (
				F14A1CB61AC0FF2800E5EC08 /* HWTableViewController.h */,
				F14A1CB71AC0FF2800E5EC08 /* HWTableViewController.m */,
			);
			name = TableView;
			sourceTree = "<group>";
		};
		FFBB2CF0DC16518A5D19E5F5 /* Pods */ = {
			isa = PBXGroup;
			children = (
				96C98B82B02AA1019A26C366 /* Pods.debug.xcconfig */,
				A0DC1CAAB6E026245BB1C67C /* Pods.release.xcconfig */,
			);
			name = Pods;
			sourceTree = "<group>";
		};
/* End PBXGroup section */

/* Begin PBXNativeTarget section */
		F131C1421ABF981A0091F292 /* ThirstyTaiwan */ = {
			isa = PBXNativeTarget;
			buildConfigurationList = F131C1661ABF981A0091F292 /* Build configuration list for PBXNativeTarget "ThirstyTaiwan" */;
			buildPhases = (
				D481FDE12B260C1161C226D9 /* Check Pods Manifest.lock */,
				F131C13F1ABF981A0091F292 /* Sources */,
				F131C1401ABF981A0091F292 /* Frameworks */,
				F131C1411ABF981A0091F292 /* Resources */,
				FFD6C8453F42386F6570B4E6 /* Copy Pods Resources */,
			);
			buildRules = (
			);
			dependencies = (
			);
			name = ThirstyTaiwan;
			productName = ThirstyTaiwan;
			productReference = F131C1431ABF981A0091F292 /* ThirstyTaiwan.app */;
			productType = "com.apple.product-type.application";
		};
		F131C15B1ABF981A0091F292 /* ThirstyTaiwanTests */ = {
			isa = PBXNativeTarget;
			buildConfigurationList = F131C1691ABF981A0091F292 /* Build configuration list for PBXNativeTarget "ThirstyTaiwanTests" */;
			buildPhases = (
				F131C1581ABF981A0091F292 /* Sources */,
				F131C1591ABF981A0091F292 /* Frameworks */,
				F131C15A1ABF981A0091F292 /* Resources */,
			);
			buildRules = (
			);
			dependencies = (
				F131C15E1ABF981A0091F292 /* PBXTargetDependency */,
			);
			name = ThirstyTaiwanTests;
			productName = ThirstyTaiwanTests;
			productReference = F131C15C1ABF981A0091F292 /* ThirstyTaiwanTests.xctest */;
			productType = "com.apple.product-type.bundle.unit-test";
		};
/* End PBXNativeTarget section */

/* Begin PBXProject section */
		F131C13B1ABF981A0091F292 /* Project object */ = {
			isa = PBXProject;
			attributes = {
				LastUpgradeCheck = 0620;
				ORGANIZATIONNAME = CinnamonRoll;
				TargetAttributes = {
					F131C1421ABF981A0091F292 = {
						CreatedOnToolsVersion = 6.2;
					};
					F131C15B1ABF981A0091F292 = {
						CreatedOnToolsVersion = 6.2;
						TestTargetID = F131C1421ABF981A0091F292;
					};
				};
			};
			buildConfigurationList = F131C13E1ABF981A0091F292 /* Build configuration list for PBXProject "ThirstyTaiwan" */;
			compatibilityVersion = "Xcode 3.2";
			developmentRegion = English;
			hasScannedForEncodings = 0;
			knownRegions = (
				en,
				Base,
			);
			mainGroup = F131C13A1ABF981A0091F292;
			productRefGroup = F131C1441ABF981A0091F292 /* Products */;
			projectDirPath = "";
			projectRoot = "";
			targets = (
				F131C1421ABF981A0091F292 /* ThirstyTaiwan */,
				F131C15B1ABF981A0091F292 /* ThirstyTaiwanTests */,
			);
		};
/* End PBXProject section */

/* Begin PBXResourcesBuildPhase section */
		F131C1411ABF981A0091F292 /* Resources */ = {
			isa = PBXResourcesBuildPhase;
			buildActionMask = 2147483647;
			files = (
				F131C1541ABF981A0091F292 /* Images.xcassets in Resources */,
			);
			runOnlyForDeploymentPostprocessing = 0;
		};
		F131C15A1ABF981A0091F292 /* Resources */ = {
			isa = PBXResourcesBuildPhase;
			buildActionMask = 2147483647;
			files = (
			);
			runOnlyForDeploymentPostprocessing = 0;
		};
/* End PBXResourcesBuildPhase section */

/* Begin PBXShellScriptBuildPhase section */
		D481FDE12B260C1161C226D9 /* Check Pods Manifest.lock */ = {
			isa = PBXShellScriptBuildPhase;
			buildActionMask = 2147483647;
			files = (
			);
			inputPaths = (
			);
			name = "Check Pods Manifest.lock";
			outputPaths = (
			);
			runOnlyForDeploymentPostprocessing = 0;
			shellPath = /bin/sh;
			shellScript = "diff \"${PODS_ROOT}/../Podfile.lock\" \"${PODS_ROOT}/Manifest.lock\" > /dev/null\nif [[ $? != 0 ]] ; then\n    cat << EOM\nerror: The sandbox is not in sync with the Podfile.lock. Run 'pod install' or update your CocoaPods installation.\nEOM\n    exit 1\nfi\n";
			showEnvVarsInLog = 0;
		};
		FFD6C8453F42386F6570B4E6 /* Copy Pods Resources */ = {
			isa = PBXShellScriptBuildPhase;
			buildActionMask = 2147483647;
			files = (
			);
			inputPaths = (
			);
			name = "Copy Pods Resources";
			outputPaths = (
			);
			runOnlyForDeploymentPostprocessing = 0;
			shellPath = /bin/sh;
			shellScript = "\"${SRCROOT}/Pods/Target Support Files/Pods/Pods-resources.sh\"\n";
			showEnvVarsInLog = 0;
		};
/* End PBXShellScriptBuildPhase section */

/* Begin PBXSourcesBuildPhase section */
		F131C13F1ABF981A0091F292 /* Sources */ = {
			isa = PBXSourcesBuildPhase;
			buildActionMask = 2147483647;
			files = (
				F14A1CB81AC0FF2800E5EC08 /* HWTableViewController.m in Sources */,
				F131C14F1ABF981A0091F292 /* ViewController.m in Sources */,
				F131C14C1ABF981A0091F292 /* AppDelegate.m in Sources */,
				F131C1491ABF981A0091F292 /* main.m in Sources */,
				23571CC41B08FB6A00442D80 /* DamController.m in Sources */,
			);
			runOnlyForDeploymentPostprocessing = 0;
		};
		F131C1581ABF981A0091F292 /* Sources */ = {
			isa = PBXSourcesBuildPhase;
			buildActionMask = 2147483647;
			files = (
				F131C1631ABF981A0091F292 /* ThirstyTaiwanTests.m in Sources */,
			);
			runOnlyForDeploymentPostprocessing = 0;
		};
/* End PBXSourcesBuildPhase section */

/* Begin PBXTargetDependency section */
		F131C15E1ABF981A0091F292 /* PBXTargetDependency */ = {
			isa = PBXTargetDependency;
			target = F131C1421ABF981A0091F292 /* ThirstyTaiwan */;
			targetProxy = F131C15D1ABF981A0091F292 /* PBXContainerItemProxy */;
		};
/* End PBXTargetDependency section */

/* Begin XCBuildConfiguration section */
		F131C1641ABF981A0091F292 /* Debug */ = {
			isa = XCBuildConfiguration;
			buildSettings = {
				ALWAYS_SEARCH_USER_PATHS = NO;
				CLANG_CXX_LANGUAGE_STANDARD = "gnu++0x";
				CLANG_CXX_LIBRARY = "libc++";
				CLANG_ENABLE_MODULES = YES;
				CLANG_ENABLE_OBJC_ARC = YES;
				CLANG_WARN_BOOL_CONVERSION = YES;
				CLANG_WARN_CONSTANT_CONVERSION = YES;
				CLANG_WARN_DIRECT_OBJC_ISA_USAGE = YES_ERROR;
				CLANG_WARN_EMPTY_BODY = YES;
				CLANG_WARN_ENUM_CONVERSION = YES;
				CLANG_WARN_INT_CONVERSION = YES;
				CLANG_WARN_OBJC_ROOT_CLASS = YES_ERROR;
				CLANG_WARN_UNREACHABLE_CODE = YES;
				CLANG_WARN__DUPLICATE_METHOD_MATCH = YES;
				"CODE_SIGN_IDENTITY[sdk=iphoneos*]" = "iPhone Developer";
				COPY_PHASE_STRIP = NO;
				ENABLE_STRICT_OBJC_MSGSEND = YES;
				GCC_C_LANGUAGE_STANDARD = gnu99;
				GCC_DYNAMIC_NO_PIC = NO;
				GCC_OPTIMIZATION_LEVEL = 0;
				GCC_PREPROCESSOR_DEFINITIONS = (
					"DEBUG=1",
					"$(inherited)",
				);
				GCC_SYMBOLS_PRIVATE_EXTERN = NO;
				GCC_WARN_64_TO_32_BIT_CONVERSION = YES;
				GCC_WARN_ABOUT_RETURN_TYPE = YES_ERROR;
				GCC_WARN_UNDECLARED_SELECTOR = YES;
				GCC_WARN_UNINITIALIZED_AUTOS = YES_AGGRESSIVE;
				GCC_WARN_UNUSED_FUNCTION = YES;
				GCC_WARN_UNUSED_VARIABLE = YES;
				IPHONEOS_DEPLOYMENT_TARGET = 8.2;
				MTL_ENABLE_DEBUG_INFO = YES;
				ONLY_ACTIVE_ARCH = YES;
				SDKROOT = iphoneos;
			};
			name = Debug;
		};
		F131C1651ABF981A0091F292 /* Release */ = {
			isa = XCBuildConfiguration;
			buildSettings = {
				ALWAYS_SEARCH_USER_PATHS = NO;
				CLANG_CXX_LANGUAGE_STANDARD = "gnu++0x";
				CLANG_CXX_LIBRARY = "libc++";
				CLANG_ENABLE_MODULES = YES;
				CLANG_ENABLE_OBJC_ARC = YES;
				CLANG_WARN_BOOL_CONVERSION = YES;
				CLANG_WARN_CONSTANT_CONVERSION = YES;
				CLANG_WARN_DIRECT_OBJC_ISA_USAGE = YES_ERROR;
				CLANG_WARN_EMPTY_BODY = YES;
				CLANG_WARN_ENUM_CONVERSION = YES;
				CLANG_WARN_INT_CONVERSION = YES;
				CLANG_WARN_OBJC_ROOT_CLASS = YES_ERROR;
				CLANG_WARN_UNREACHABLE_CODE = YES;
				CLANG_WARN__DUPLICATE_METHOD_MATCH = YES;
				"CODE_SIGN_IDENTITY[sdk=iphoneos*]" = "iPhone Developer";
				COPY_PHASE_STRIP = NO;
				ENABLE_NS_ASSERTIONS = NO;
				ENABLE_STRICT_OBJC_MSGSEND = YES;
				GCC_C_LANGUAGE_STANDARD = gnu99;
				GCC_WARN_64_TO_32_BIT_CONVERSION = YES;
				GCC_WARN_ABOUT_RETURN_TYPE = YES_ERROR;
				GCC_WARN_UNDECLARED_SELECTOR = YES;
				GCC_WARN_UNINITIALIZED_AUTOS = YES_AGGRESSIVE;
				GCC_WARN_UNUSED_FUNCTION = YES;
				GCC_WARN_UNUSED_VARIABLE = YES;
				IPHONEOS_DEPLOYMENT_TARGET = 8.2;
				MTL_ENABLE_DEBUG_INFO = NO;
				SDKROOT = iphoneos;
				VALIDATE_PRODUCT = YES;
			};
			name = Release;
		};
		F131C1671ABF981A0091F292 /* Debug */ = {
			isa = XCBuildConfiguration;
			baseConfigurationReference = 96C98B82B02AA1019A26C366 /* Pods.debug.xcconfig */;
			buildSettings = {
				ASSETCATALOG_COMPILER_APPICON_NAME = AppIcon;
				ASSETCATALOG_COMPILER_LAUNCHIMAGE_NAME = LaunchImage;
				INFOPLIST_FILE = "$(SRCROOT)/ThirstyTaiwan/Info.plist";
				LD_RUNPATH_SEARCH_PATHS = "$(inherited) @executable_path/Frameworks";
				PRODUCT_NAME = ThirstyTaiwan;
			};
			name = Debug;
		};
		F131C1681ABF981A0091F292 /* Release */ = {
			isa = XCBuildConfiguration;
			baseConfigurationReference = A0DC1CAAB6E026245BB1C67C /* Pods.release.xcconfig */;
			buildSettings = {
				ASSETCATALOG_COMPILER_APPICON_NAME = AppIcon;
				ASSETCATALOG_COMPILER_LAUNCHIMAGE_NAME = LaunchImage;
				INFOPLIST_FILE = "$(SRCROOT)/ThirstyTaiwan/Info.plist";
				LD_RUNPATH_SEARCH_PATHS = "$(inherited) @executable_path/Frameworks";
				PRODUCT_NAME = ThirstyTaiwan;
			};
			name = Release;
		};
		F131C16A1ABF981A0091F292 /* Debug */ = {
			isa = XCBuildConfiguration;
			buildSettings = {
				BUNDLE_LOADER = "$(TEST_HOST)";
				FRAMEWORK_SEARCH_PATHS = (
					"$(SDKROOT)/Developer/Library/Frameworks",
					"$(inherited)",
				);
				GCC_PREPROCESSOR_DEFINITIONS = (
					"DEBUG=1",
					"$(inherited)",
				);
				INFOPLIST_FILE = ThirstyTaiwanTests/Info.plist;
				LD_RUNPATH_SEARCH_PATHS = "$(inherited) @executable_path/Frameworks @loader_path/Frameworks";
				PRODUCT_NAME = ThirstyTaiwanTests;
				TEST_HOST = "$(BUILT_PRODUCTS_DIR)/ThirstyTaiwan.app/ThirstyTaiwan";
			};
			name = Debug;
		};
		F131C16B1ABF981A0091F292 /* Release */ = {
			isa = XCBuildConfiguration;
			buildSettings = {
				BUNDLE_LOADER = "$(TEST_HOST)";
				FRAMEWORK_SEARCH_PATHS = (
					"$(SDKROOT)/Developer/Library/Frameworks",
					"$(inherited)",
				);
				INFOPLIST_FILE = ThirstyTaiwanTests/Info.plist;
				LD_RUNPATH_SEARCH_PATHS = "$(inherited) @executable_path/Frameworks @loader_path/Frameworks";
				PRODUCT_NAME = ThirstyTaiwanTests;
				TEST_HOST = "$(BUILT_PRODUCTS_DIR)/ThirstyTaiwan.app/ThirstyTaiwan";
			};
			name = Release;
		};
/* End XCBuildConfiguration section */

/* Begin XCConfigurationList section */
		F131C13E1ABF981A0091F292 /* Build configuration list for PBXProject "ThirstyTaiwan" */ = {
			isa = XCConfigurationList;
			buildConfigurations = (
				F131C1641ABF981A0091F292 /* Debug */,
				F131C1651ABF981A0091F292 /* Release */,
			);
			defaultConfigurationIsVisible = 0;
			defaultConfigurationName = Release;
		};
		F131C1661ABF981A0091F292 /* Build configuration list for PBXNativeTarget "ThirstyTaiwan" */ = {
			isa = XCConfigurationList;
			buildConfigurations = (
				F131C1671ABF981A0091F292 /* Debug */,
				F131C1681ABF981A0091F292 /* Release */,
			);
			defaultConfigurationIsVisible = 0;
			defaultConfigurationName = Release;
		};
		F131C1691ABF981A0091F292 /* Build configuration list for PBXNativeTarget "ThirstyTaiwanTests" */ = {
			isa = XCConfigurationList;
			buildConfigurations = (
				F131C16A1ABF981A0091F292 /* Debug */,
				F131C16B1ABF981A0091F292 /* Release */,
			);
			defaultConfigurationIsVisible = 0;
			defaultConfigurationName = Release;
		};
/* End XCConfigurationList section */
	};
	rootObject = F131C13B1ABF981A0091F292 /* Project object */;
}
